{
  "name": "ios-shortcuts",
  "version": "0.2.0",
  "lockfileVersion": 1,
  "requires": true,
  "dependencies": {
    "@joshfarrant/shortcuts-js": {
      "version": "0.5.0",
      "resolved": "https://registry.npmjs.org/@joshfarrant/shortcuts-js/-/shortcuts-js-0.5.0.tgz",
      "integrity": "sha512-hMpjdE4tHH9gsTpU6ZNwqG0YMIh89RDpqbWAynUFj9mCKKogE10PSftZY4EeesH1HnhDtNHKCL3f9dW/1+0s3Q==",
      "requires": {
        "bplist-creator": "0.0.7",
        "bplist-parser": "^0.1.1",
        "tslib": "~1.9.3",
        "uuid": "^3.3.2"
      }
    },
    "big-integer": {
      "version": "1.6.46",
      "resolved": "https://registry.npmjs.org/big-integer/-/big-integer-1.6.46.tgz",
      "integrity": "sha512-Vj2TNtZ8Y0XaL6HCkzJiEqfykjtv/9wVCWIutMe+QVIXLPe2tCLEzULtYvcX9WRtmNIj3Jqi5tNjIsR0N4QOsg=="
    },
    "bplist-creator": {
      "version": "0.0.7",
      "resolved": "https://registry.npmjs.org/bplist-creator/-/bplist-creator-0.0.7.tgz",
      "integrity": "sha1-N98VNgkoJLh8QvlXsBNEEXNyrkU=",
      "requires": {
        "stream-buffers": "~2.2.0"
      }
    },
    "bplist-parser": {
      "version": "0.1.1",
      "resolved": "https://registry.npmjs.org/bplist-parser/-/bplist-parser-0.1.1.tgz",
      "integrity": "sha1-1g1dzCDLptx+HymbNdPh+V2vuuY=",
      "requires": {
        "big-integer": "^1.6.7"
      }
    },
    "stream-buffers": {
      "version": "2.2.0",
      "resolved": "https://registry.npmjs.org/stream-buffers/-/stream-buffers-2.2.0.tgz",
      "integrity": "sha1-kdX1Ew0c75bc+n9yaUUYh0HQnuQ="
    },
    "tslib": {
      "version": "1.9.3",
      "resolved": "https://registry.npmjs.org/tslib/-/tslib-1.9.3.tgz",
      "integrity": "sha512-4krF8scpejhaOgqzBEcGM7yDIEfi0/8+8zDRZhNZZ2kjmHJ4hv3zCbQWxoJGz1iw5U0Jl0nma13xzHXcncMavQ=="
    },
    "uuid": {
      "version": "3.3.3",
      "resolved": "https://registry.npmjs.org/uuid/-/uuid-3.3.3.tgz",
      "integrity": "sha512-pW0No1RGHgzlpHJO1nsVrHKpOEIxkGg1xB+v0ZmdNH5OAeAwzAVrCnI2/6Mtx+Uys6iaylxa+D3g4j63IKKjSQ=="
    }
  }
}
